
Microsoft Visual Studio Solution File, Format Version 12.00
# Visual Studio Version 17
VisualStudioVersion = 17.4.33110.190
MinimumVisualStudioVersion = 10.0.40219.1
Project("{FAE04EC0-301F-11D3-BF4B-00C04F79EFBC}") = "Projeto TCC", "Projeto TCC\Projeto TCC.csproj", "{8C5A158F-4228-49FB-8676-D9DF0013C0F4}"
EndProject
Global
	GlobalSection(SolutionConfigurationPlatforms) = preSolution
		Debug|Any CPU = Debug|Any CPU
		Release|Any CPU = Release|Any CPU
	EndGlobalSection
	GlobalSection(ProjectConfigurationPlatforms) = postSolution
		{8C5A158F-4228-49FB-8676-D9DF0013C0F4}.Debug|Any CPU.ActiveCfg = Debug|Any CPU
		{8C5A158F-4228-49FB-8676-D9DF0013C0F4}.Debug|Any CPU.Build.0 = Debug|Any CPU
		{8C5A158F-4228-49FB-8676-D9DF0013C0F4}.Release|Any CPU.ActiveCfg = Release|Any CPU
		{8C5A158F-4228-49FB-8676-D9DF0013C0F4}.Release|Any CPU.Build.0 = Release|Any CPU
	EndGlobalSection
	GlobalSection(SolutionProperties) = preSolution
		HideSolutionNode = FALSE
	EndGlobalSection
	GlobalSection(ExtensibilityGlobals) = postSolution
		SolutionGuid = {1C829596-AA9F-4A2B-AB02-B84C76318CC9}
	EndGlobalSection
EndGlobal
